
Microsoft Visual Studio Solution File, Format Version 12.00
# Visual Studio Version 17
VisualStudioVersion = 17.9.34728.123
MinimumVisualStudioVersion = 10.0.40219.1
Project("{FAE04EC0-301F-11D3-BF4B-00C04F79EFBC}") = "BlobApi", "BlobApi\BlobApi.csproj", "{2591C37B-E656-4ED5-B180-99C91A01EF8D}"
EndProject
Global
	GlobalSection(SolutionConfigurationPlatforms) = preSolution
		Debug|Any CPU = Debug|Any CPU
		Release|Any CPU = Release|Any CPU
	EndGlobalSection
	GlobalSection(ProjectConfigurationPlatforms) = postSolution
		{2591C37B-E656-4ED5-B180-99C91A01EF8D}.Debug|Any CPU.ActiveCfg = Debug|Any CPU
		{2591C37B-E656-4ED5-B180-99C91A01EF8D}.Debug|Any CPU.Build.0 = Debug|Any CPU
		{2591C37B-E656-4ED5-B180-99C91A01EF8D}.Release|Any CPU.ActiveCfg = Release|Any CPU
		{2591C37B-E656-4ED5-B180-99C91A01EF8D}.Release|Any CPU.Build.0 = Release|Any CPU
	EndGlobalSection
	GlobalSection(SolutionProperties) = preSolution
		HideSolutionNode = FALSE
	EndGlobalSection
	GlobalSection(ExtensibilityGlobals) = postSolution
		SolutionGuid = {781BBF00-86DA-42F9-AF8C-4F5D05415A3E}
	EndGlobalSection
EndGlobal
